{
    "name": "@workspace/napi_sandbox",
    "lockfileVersion": 3,
    "requires": true,
    "packages": {
        "": {
            "name": "@workspace/napi_sandbox",
            "workspaces": [
                "./cmd",
                "./napi_sandbox"
            ]
        },
        "cmd": {
            "name": "@workspace/napi_sandbox_cmd",
            "version": "1.0.0",
            "dependencies": {
                "@workspace/napi_sandbox": "*"
            }
        },
        "napi_sandbox": {
            "name": "@workspace/napi_sandbox",
            "version": "1.0.0"
        },
        "node_modules/@workspace/napi_sandbox": {
            "resolved": "napi_sandbox",
            "link": true
        },
        "node_modules/@workspace/napi_sandbox_cmd": {
            "resolved": "cmd",
            "link": true
        }
    }
}
